
Microsoft Visual Studio Solution File, Format Version 11.00
# Visual Studio 2012
Project("{F184B08F-C81C-45F6-A57F-5ABD9991F28F}") = "vbMP3Decoder", "vbMP3Decoder.vbproj", "{D3FEF94E-6134-4491-A1C2-EA1B23D41EC3}"
EndProject
Project("{F184B08F-C81C-45F6-A57F-5ABD9991F28F}") = "MP3Player", "MP3Player.NET\MP3Player.vbproj", "{B9FFC083-E5A4-471D-86D5-3D0D30DA439F}"
EndProject
Global
	GlobalSection(SolutionConfigurationPlatforms) = preSolution
		Debug|Any CPU = Debug|Any CPU
		Release|Any CPU = Release|Any CPU
	EndGlobalSection
	GlobalSection(ProjectConfigurationPlatforms) = postSolution
		{D3FEF94E-6134-4491-A1C2-EA1B23D41EC3}.Debug|Any CPU.ActiveCfg = Debug|Any CPU
		{D3FEF94E-6134-4491-A1C2-EA1B23D41EC3}.Debug|Any CPU.Build.0 = Debug|Any CPU
		{D3FEF94E-6134-4491-A1C2-EA1B23D41EC3}.Release|Any CPU.ActiveCfg = Release|Any CPU
		{D3FEF94E-6134-4491-A1C2-EA1B23D41EC3}.Release|Any CPU.Build.0 = Release|Any CPU
		{B9FFC083-E5A4-471D-86D5-3D0D30DA439F}.Debug|Any CPU.ActiveCfg = Debug|Any CPU
		{B9FFC083-E5A4-471D-86D5-3D0D30DA439F}.Debug|Any CPU.Build.0 = Debug|Any CPU
		{B9FFC083-E5A4-471D-86D5-3D0D30DA439F}.Release|Any CPU.ActiveCfg = Release|Any CPU
		{B9FFC083-E5A4-471D-86D5-3D0D30DA439F}.Release|Any CPU.Build.0 = Release|Any CPU
	EndGlobalSection
	GlobalSection(SolutionProperties) = preSolution
		HideSolutionNode = FALSE
	EndGlobalSection
EndGlobal
